
Microsoft Visual Studio Solution File, Format Version 12.00
# Visual Studio Version 17
VisualStudioVersion = 17.10.35013.160
MinimumVisualStudioVersion = 10.0.40219.1
Project("{FAE04EC0-301F-11D3-BF4B-00C04F79EFBC}") = "Prog2_Student_Grade_Manager_F-MP-1", "Prog2_Student_Grade_Manager_F-MP-1\Prog2_Student_Grade_Manager_F-MP-1.csproj", "{FA5B050C-FB1A-47A3-9B9B-336B9BF12514}"
EndProject
Global
	GlobalSection(SolutionConfigurationPlatforms) = preSolution
		Debug|Any CPU = Debug|Any CPU
		Release|Any CPU = Release|Any CPU
	EndGlobalSection
	GlobalSection(ProjectConfigurationPlatforms) = postSolution
		{FA5B050C-FB1A-47A3-9B9B-336B9BF12514}.Debug|Any CPU.ActiveCfg = Debug|Any CPU
		{FA5B050C-FB1A-47A3-9B9B-336B9BF12514}.Debug|Any CPU.Build.0 = Debug|Any CPU
		{FA5B050C-FB1A-47A3-9B9B-336B9BF12514}.Release|Any CPU.ActiveCfg = Release|Any CPU
		{FA5B050C-FB1A-47A3-9B9B-336B9BF12514}.Release|Any CPU.Build.0 = Release|Any CPU
	EndGlobalSection
	GlobalSection(SolutionProperties) = preSolution
		HideSolutionNode = FALSE
	EndGlobalSection
	GlobalSection(ExtensibilityGlobals) = postSolution
		SolutionGuid = {2FDE588A-E7C5-45FF-BFCD-CF7B4EA9A2E9}
	EndGlobalSection
EndGlobal
